
Microsoft Visual Studio Solution File, Format Version 12.00
# Visual Studio Version 16
VisualStudioVersion = 16.0.30907.101
MinimumVisualStudioVersion = 10.0.40219.1
Project("{8BC9CEB8-8B4A-11D0-8D11-00A0C91BC942}") = "ppu-lv2-prx-nidreplacer", "src\ppu-lv2-prx-nidreplacer.vcxproj", "{8324556A-FD6A-415A-A780-CDE57BE76865}"
EndProject
Global
	GlobalSection(SolutionConfigurationPlatforms) = preSolution
		Debug|x64 = Debug|x64
		Debug|x86 = Debug|x86
		Release|x64 = Release|x64
		Release|x86 = Release|x86
	EndGlobalSection
	GlobalSection(ProjectConfigurationPlatforms) = postSolution
		{8324556A-FD6A-415A-A780-CDE57BE76865}.Debug|x64.ActiveCfg = Debug|x64
		{8324556A-FD6A-415A-A780-CDE57BE76865}.Debug|x64.Build.0 = Debug|x64
		{8324556A-FD6A-415A-A780-CDE57BE76865}.Debug|x86.ActiveCfg = Debug|Win32
		{8324556A-FD6A-415A-A780-CDE57BE76865}.Debug|x86.Build.0 = Debug|Win32
		{8324556A-FD6A-415A-A780-CDE57BE76865}.Release|x64.ActiveCfg = Release|x64
		{8324556A-FD6A-415A-A780-CDE57BE76865}.Release|x64.Build.0 = Release|x64
		{8324556A-FD6A-415A-A780-CDE57BE76865}.Release|x86.ActiveCfg = Release|Win32
		{8324556A-FD6A-415A-A780-CDE57BE76865}.Release|x86.Build.0 = Release|Win32
	EndGlobalSection
	GlobalSection(SolutionProperties) = preSolution
		HideSolutionNode = FALSE
	EndGlobalSection
	GlobalSection(ExtensibilityGlobals) = postSolution
		SolutionGuid = {74DB1446-1E86-415C-BF3E-549B6A623843}
	EndGlobalSection
EndGlobal
